// !$*UTF8*$!
{
	archiveVersion = 1;
	classes = {
	};
	objectVersion = 46;
	objects = {

/* Begin PBXBuildFile section */
		5680CF5C19C6AC5E003F8FD8 /* AppDelegate.swift in Sources */ = {isa = PBXBuildFile; fileRef = 5680CF5B19C6AC5E003F8FD8 /* AppDelegate.swift */; };
		5680CF5E19C6AC5E003F8FD8 /* MoviesViewController.swift in Sources */ = {isa = PBXBuildFile; fileRef = 5680CF5D19C6AC5E003F8FD8 /* MoviesViewController.swift */; };
		5680CF6119C6AC5E003F8FD8 /* Main.storyboard in Resources */ = {isa = PBXBuildFile; fileRef = 5680CF5F19C6AC5E003F8FD8 /* Main.storyboard */; };
		5680CF6319C6AC5E003F8FD8 /* Images.xcassets in Resources */ = {isa = PBXBuildFile; fileRef = 5680CF6219C6AC5E003F8FD8 /* Images.xcassets */; };
		5680CF6619C6AC5E003F8FD8 /* LaunchScreen.xib in Resources */ = {isa = PBXBuildFile; fileRef = 5680CF6419C6AC5E003F8FD8 /* LaunchScreen.xib */; };
		5680CF7219C6AC5E003F8FD8 /* rottentomatoesTests.swift in Sources */ = {isa = PBXBuildFile; fileRef = 5680CF7119C6AC5E003F8FD8 /* rottentomatoesTests.swift */; };
		5680CF7C19C6AFB8003F8FD8 /* MovieTableViewCell.swift in Sources */ = {isa = PBXBuildFile; fileRef = 5680CF7B19C6AFB8003F8FD8 /* MovieTableViewCell.swift */; };
		5680CF7E19C6B858003F8FD8 /* ApiKeys.swift in Sources */ = {isa = PBXBuildFile; fileRef = 5680CF7D19C6B858003F8FD8 /* ApiKeys.swift */; };
		5680CF8219C6C527003F8FD8 /* MovieDetailsViewController.swift in Sources */ = {isa = PBXBuildFile; fileRef = 5680CF8119C6C527003F8FD8 /* MovieDetailsViewController.swift */; };
		5695A69019C8B055009F3E3E /* AppConstants.swift in Sources */ = {isa = PBXBuildFile; fileRef = 5695A68F19C8B055009F3E3E /* AppConstants.swift */; };
		5695A69419C91FDB009F3E3E /* MoviesTabItemViewController.swift in Sources */ = {isa = PBXBuildFile; fileRef = 5695A69319C91FDB009F3E3E /* MoviesTabItemViewController.swift */; };
		56F7388119D5096E0012E1E0 /* DataStructures.swift in Sources */ = {isa = PBXBuildFile; fileRef = 56F7387A19D5096E0012E1E0 /* DataStructures.swift */; };
		56F7388219D5096E0012E1E0 /* HTKNotificationUtils.swift in Sources */ = {isa = PBXBuildFile; fileRef = 56F7387F19D5096E0012E1E0 /* HTKNotificationUtils.swift */; };
		56F7388319D5096E0012E1E0 /* HTKUtils.swift in Sources */ = {isa = PBXBuildFile; fileRef = 56F7388019D5096E0012E1E0 /* HTKUtils.swift */; };
		56F7388519D5097F0012E1E0 /* RottenTomatoesMovie.swift in Sources */ = {isa = PBXBuildFile; fileRef = 56F7388419D5097F0012E1E0 /* RottenTomatoesMovie.swift */; };
		56F7388719D50A8A0012E1E0 /* RottenTomatoesClient.swift in Sources */ = {isa = PBXBuildFile; fileRef = 56F7388619D50A8A0012E1E0 /* RottenTomatoesClient.swift */; };
		79F8F4E2E1574A68ABB15C39 /* libPods.a in Frameworks */ = {isa = PBXBuildFile; fileRef = 51364C1838374B438BE1AFF4 /* libPods.a */; };
/* End PBXBuildFile section */

/* Begin PBXContainerItemProxy section */
		5680CF6C19C6AC5E003F8FD8 /* PBXContainerItemProxy */ = {
			isa = PBXContainerItemProxy;
			containerPortal = 5680CF4E19C6AC5E003F8FD8 /* Project object */;
			proxyType = 1;
			remoteGlobalIDString = 5680CF5519C6AC5E003F8FD8;
			remoteInfo = rottentomatoes;
		};
/* End PBXContainerItemProxy section */

/* Begin PBXFileReference section */
		51364C1838374B438BE1AFF4 /* libPods.a */ = {isa = PBXFileReference; explicitFileType = archive.ar; includeInIndex = 0; path = libPods.a; sourceTree = BUILT_PRODUCTS_DIR; };
		5680CF5619C6AC5E003F8FD8 /* rottentomatoes.app */ = {isa = PBXFileReference; explicitFileType = wrapper.application; includeInIndex = 0; path = rottentomatoes.app; sourceTree = BUILT_PRODUCTS_DIR; };
		5680CF5A19C6AC5E003F8FD8 /* Info.plist */ = {isa = PBXFileReference; lastKnownFileType = text.plist.xml; path = Info.plist; sourceTree = "<group>"; };
		5680CF5B19C6AC5E003F8FD8 /* AppDelegate.swift */ = {isa = PBXFileReference; lastKnownFileType = sourcecode.swift; path = AppDelegate.swift; sourceTree = "<group>"; };
		5680CF5D19C6AC5E003F8FD8 /* MoviesViewController.swift */ = {isa = PBXFileReference; lastKnownFileType = sourcecode.swift; path = MoviesViewController.swift; sourceTree = "<group>"; };
		5680CF6019C6AC5E003F8FD8 /* Base */ = {isa = PBXFileReference; lastKnownFileType = file.storyboard; name = Base; path = Base.lproj/Main.storyboard; sourceTree = "<group>"; };
		5680CF6219C6AC5E003F8FD8 /* Images.xcassets */ = {isa = PBXFileReference; lastKnownFileType = folder.assetcatalog; path = Images.xcassets; sourceTree = "<group>"; };
		5680CF6519C6AC5E003F8FD8 /* Base */ = {isa = PBXFileReference; lastKnownFileType = file.xib; name = Base; path = Base.lproj/LaunchScreen.xib; sourceTree = "<group>"; };
		5680CF6B19C6AC5E003F8FD8 /* rottentomatoesTests.xctest */ = {isa = PBXFileReference; explicitFileType = wrapper.cfbundle; includeInIndex = 0; path = rottentomatoesTests.xctest; sourceTree = BUILT_PRODUCTS_DIR; };
		5680CF7019C6AC5E003F8FD8 /* Info.plist */ = {isa = PBXFileReference; lastKnownFileType = text.plist.xml; path = Info.plist; sourceTree = "<group>"; };
		5680CF7119C6AC5E003F8FD8 /* rottentomatoesTests.swift */ = {isa = PBXFileReference; lastKnownFileType = sourcecode.swift; path = rottentomatoesTests.swift; sourceTree = "<group>"; };
		5680CF7B19C6AFB8003F8FD8 /* MovieTableViewCell.swift */ = {isa = PBXFileReference; fileEncoding = 4; lastKnownFileType = sourcecode.swift; path = MovieTableViewCell.swift; sourceTree = "<group>"; };
		5680CF7D19C6B858003F8FD8 /* ApiKeys.swift */ = {isa = PBXFileReference; fileEncoding = 4; lastKnownFileType = sourcecode.swift; path = ApiKeys.swift; sourceTree = "<group>"; };
		5680CF8119C6C527003F8FD8 /* MovieDetailsViewController.swift */ = {isa = PBXFileReference; fileEncoding = 4; lastKnownFileType = sourcecode.swift; path = MovieDetailsViewController.swift; sourceTree = "<group>"; };
		5680CF8519C768FA003F8FD8 /* rottentomatoes-Bridging-Header.h */ = {isa = PBXFileReference; lastKnownFileType = sourcecode.c.h; path = "rottentomatoes-Bridging-Header.h"; sourceTree = "<group>"; };
		5695A68F19C8B055009F3E3E /* AppConstants.swift */ = {isa = PBXFileReference; fileEncoding = 4; lastKnownFileType = sourcecode.swift; path = AppConstants.swift; sourceTree = "<group>"; };
		5695A69319C91FDB009F3E3E /* MoviesTabItemViewController.swift */ = {isa = PBXFileReference; fileEncoding = 4; lastKnownFileType = sourcecode.swift; path = MoviesTabItemViewController.swift; sourceTree = "<group>"; };
		56F7387A19D5096E0012E1E0 /* DataStructures.swift */ = {isa = PBXFileReference; fileEncoding = 4; lastKnownFileType = sourcecode.swift; path = DataStructures.swift; sourceTree = "<group>"; };
		56F7387F19D5096E0012E1E0 /* HTKNotificationUtils.swift */ = {isa = PBXFileReference; fileEncoding = 4; lastKnownFileType = sourcecode.swift; path = HTKNotificationUtils.swift; sourceTree = "<group>"; };
		56F7388019D5096E0012E1E0 /* HTKUtils.swift */ = {isa = PBXFileReference; fileEncoding = 4; lastKnownFileType = sourcecode.swift; path = HTKUtils.swift; sourceTree = "<group>"; };
		56F7388419D5097F0012E1E0 /* RottenTomatoesMovie.swift */ = {isa = PBXFileReference; fileEncoding = 4; lastKnownFileType = sourcecode.swift; path = RottenTomatoesMovie.swift; sourceTree = "<group>"; };
		56F7388619D50A8A0012E1E0 /* RottenTomatoesClient.swift */ = {isa = PBXFileReference; fileEncoding = 4; lastKnownFileType = sourcecode.swift; path = RottenTomatoesClient.swift; sourceTree = "<group>"; };
		C69800AF83E449578B93D5FF /* Pods.xcconfig */ = {isa = PBXFileReference; includeInIndex = 1; lastKnownFileType = text.xcconfig; name = Pods.xcconfig; path = Pods/Pods.xcconfig; sourceTree = "<group>"; };
/* End PBXFileReference section */

/* Begin PBXFrameworksBuildPhase section */
		5680CF5319C6AC5E003F8FD8 /* Frameworks */ = {
			isa = PBXFrameworksBuildPhase;
			buildActionMask = 2147483647;
			files = (
				79F8F4E2E1574A68ABB15C39 /* libPods.a in Frameworks */,
			);
			runOnlyForDeploymentPostprocessing = 0;
		};
		5680CF6819C6AC5E003F8FD8 /* Frameworks */ = {
			isa = PBXFrameworksBuildPhase;
			buildActionMask = 2147483647;
			files = (
			);
			runOnlyForDeploymentPostprocessing = 0;
		};
/* End PBXFrameworksBuildPhase section */

/* Begin PBXGroup section */
		5680CF4D19C6AC5E003F8FD8 = {
			isa = PBXGroup;
			children = (
				56F7387819D5096E0012E1E0 /* Hacktoolkit */,
				5680CF5819C6AC5E003F8FD8 /* rottentomatoes */,
				5680CF6E19C6AC5E003F8FD8 /* rottentomatoesTests */,
				5680CF5719C6AC5E003F8FD8 /* Products */,
				C69800AF83E449578B93D5FF /* Pods.xcconfig */,
				DBCE6B055DC34F2583D932C9 /* Frameworks */,
			);
			sourceTree = "<group>";
		};
		5680CF5719C6AC5E003F8FD8 /* Products */ = {
			isa = PBXGroup;
			children = (
				5680CF5619C6AC5E003F8FD8 /* rottentomatoes.app */,
				5680CF6B19C6AC5E003F8FD8 /* rottentomatoesTests.xctest */,
			);
			name = Products;
			sourceTree = "<group>";
		};
		5680CF5819C6AC5E003F8FD8 /* rottentomatoes */ = {
			isa = PBXGroup;
			children = (
				56EEF55719C80A62008AE9F4 /* Views */,
				56EEF55619C809D7008AE9F4 /* View Controllers */,
				5680CF5B19C6AC5E003F8FD8 /* AppDelegate.swift */,
				5680CF5F19C6AC5E003F8FD8 /* Main.storyboard */,
				5680CF6219C6AC5E003F8FD8 /* Images.xcassets */,
				5680CF6419C6AC5E003F8FD8 /* LaunchScreen.xib */,
				5695A69619C92DC2009F3E3E /* Constants */,
				5680CF5919C6AC5E003F8FD8 /* Supporting Files */,
				5680CF8519C768FA003F8FD8 /* rottentomatoes-Bridging-Header.h */,
				5680CF7D19C6B858003F8FD8 /* ApiKeys.swift */,
			);
			path = rottentomatoes;
			sourceTree = "<group>";
		};
		5680CF5919C6AC5E003F8FD8 /* Supporting Files */ = {
			isa = PBXGroup;
			children = (
				5680CF5A19C6AC5E003F8FD8 /* Info.plist */,
			);
			name = "Supporting Files";
			sourceTree = "<group>";
		};
		5680CF6E19C6AC5E003F8FD8 /* rottentomatoesTests */ = {
			isa = PBXGroup;
			children = (
				5680CF7119C6AC5E003F8FD8 /* rottentomatoesTests.swift */,
				5680CF6F19C6AC5E003F8FD8 /* Supporting Files */,
			);
			path = rottentomatoesTests;
			sourceTree = "<group>";
		};
		5680CF6F19C6AC5E003F8FD8 /* Supporting Files */ = {
			isa = PBXGroup;
			children = (
				5680CF7019C6AC5E003F8FD8 /* Info.plist */,
			);
			name = "Supporting Files";
			sourceTree = "<group>";
		};
		5695A69619C92DC2009F3E3E /* Constants */ = {
			isa = PBXGroup;
			children = (
				5695A68F19C8B055009F3E3E /* AppConstants.swift */,
			);
			name = Constants;
			sourceTree = "<group>";
		};
		56EEF55619C809D7008AE9F4 /* View Controllers */ = {
			isa = PBXGroup;
			children = (
				5680CF5D19C6AC5E003F8FD8 /* MoviesViewController.swift */,
				5680CF8119C6C527003F8FD8 /* MovieDetailsViewController.swift */,
				5695A69319C91FDB009F3E3E /* MoviesTabItemViewController.swift */,
			);
			name = "View Controllers";
			sourceTree = "<group>";
		};
		56EEF55719C80A62008AE9F4 /* Views */ = {
			isa = PBXGroup;
			children = (
				5680CF7B19C6AFB8003F8FD8 /* MovieTableViewCell.swift */,
			);
			name = Views;
			sourceTree = "<group>";
		};
		56F7387819D5096E0012E1E0 /* Hacktoolkit */ = {
			isa = PBXGroup;
			children = (
				56F7387919D5096E0012E1E0 /* dataStructures */,
				56F7387B19D5096E0012E1E0 /* lib */,
				56F7387E19D5096E0012E1E0 /* utils */,
			);
			name = Hacktoolkit;
			path = htk/Hacktoolkit;
			sourceTree = "<group>";
		};
		56F7387919D5096E0012E1E0 /* dataStructures */ = {
			isa = PBXGroup;
			children = (
				56F7387A19D5096E0012E1E0 /* DataStructures.swift */,
			);
			path = dataStructures;
			sourceTree = "<group>";
		};
		56F7387B19D5096E0012E1E0 /* lib */ = {
			isa = PBXGroup;
			children = (
				56F7387C19D5096E0012E1E0 /* RottenTomatoes */,
			);
			path = lib;
			sourceTree = "<group>";
		};
		56F7387C19D5096E0012E1E0 /* RottenTomatoes */ = {
			isa = PBXGroup;
			children = (
				56F7387D19D5096E0012E1E0 /* models */,
				56F7388619D50A8A0012E1E0 /* RottenTomatoesClient.swift */,
			);
			path = RottenTomatoes;
			sourceTree = "<group>";
		};
		56F7387D19D5096E0012E1E0 /* models */ = {
			isa = PBXGroup;
			children = (
				56F7388419D5097F0012E1E0 /* RottenTomatoesMovie.swift */,
			);
			path = models;
			sourceTree = "<group>";
		};
		56F7387E19D5096E0012E1E0 /* utils */ = {
			isa = PBXGroup;
			children = (
				56F7387F19D5096E0012E1E0 /* HTKNotificationUtils.swift */,
				56F7388019D5096E0012E1E0 /* HTKUtils.swift */,
			);
			path = utils;
			sourceTree = "<group>";
		};
		DBCE6B055DC34F2583D932C9 /* Frameworks */ = {
			isa = PBXGroup;
			children = (
				51364C1838374B438BE1AFF4 /* libPods.a */,
			);
			name = Frameworks;
			sourceTree = "<group>";
		};
/* End PBXGroup section */

/* Begin PBXNativeTarget section */
		5680CF5519C6AC5E003F8FD8 /* rottentomatoes */ = {
			isa = PBXNativeTarget;
			buildConfigurationList = 5680CF7519C6AC5E003F8FD8 /* Build configuration list for PBXNativeTarget "rottentomatoes" */;
			buildPhases = (
				C6D5D28081FC4B74AD04E8E9 /* Check Pods Manifest.lock */,
				5680CF5219C6AC5E003F8FD8 /* Sources */,
				5680CF5319C6AC5E003F8FD8 /* Frameworks */,
				5680CF5419C6AC5E003F8FD8 /* Resources */,
				1E274534A3D44A4BA4C06920 /* Copy Pods Resources */,
			);
			buildRules = (
			);
			dependencies = (
			);
			name = rottentomatoes;
			productName = rottentomatoes;
			productReference = 5680CF5619C6AC5E003F8FD8 /* rottentomatoes.app */;
			productType = "com.apple.product-type.application";
		};
		5680CF6A19C6AC5E003F8FD8 /* rottentomatoesTests */ = {
			isa = PBXNativeTarget;
			buildConfigurationList = 5680CF7819C6AC5E003F8FD8 /* Build configuration list for PBXNativeTarget "rottentomatoesTests" */;
			buildPhases = (
				5680CF6719C6AC5E003F8FD8 /* Sources */,
				5680CF6819C6AC5E003F8FD8 /* Frameworks */,
				5680CF6919C6AC5E003F8FD8 /* Resources */,
			);
			buildRules = (
			);
			dependencies = (
				5680CF6D19C6AC5E003F8FD8 /* PBXTargetDependency */,
			);
			name = rottentomatoesTests;
			productName = rottentomatoesTests;
			productReference = 5680CF6B19C6AC5E003F8FD8 /* rottentomatoesTests.xctest */;
			productType = "com.apple.product-type.bundle.unit-test";
		};
/* End PBXNativeTarget section */

/* Begin PBXProject section */
		5680CF4E19C6AC5E003F8FD8 /* Project object */ = {
			isa = PBXProject;
			attributes = {
				LastUpgradeCheck = 0600;
				ORGANIZATIONNAME = Hacktoolkit;
				TargetAttributes = {
					5680CF5519C6AC5E003F8FD8 = {
						CreatedOnToolsVersion = 6.0;
					};
					5680CF6A19C6AC5E003F8FD8 = {
						CreatedOnToolsVersion = 6.0;
						TestTargetID = 5680CF5519C6AC5E003F8FD8;
					};
				};
			};
			buildConfigurationList = 5680CF5119C6AC5E003F8FD8 /* Build configuration list for PBXProject "rottentomatoes" */;
			compatibilityVersion = "Xcode 3.2";
			developmentRegion = English;
			hasScannedForEncodings = 0;
			knownRegions = (
				en,
				Base,
			);
			mainGroup = 5680CF4D19C6AC5E003F8FD8;
			productRefGroup = 5680CF5719C6AC5E003F8FD8 /* Products */;
			projectDirPath = "";
			projectRoot = "";
			targets = (
				5680CF5519C6AC5E003F8FD8 /* rottentomatoes */,
				5680CF6A19C6AC5E003F8FD8 /* rottentomatoesTests */,
			);
		};
/* End PBXProject section */

/* Begin PBXResourcesBuildPhase section */
		5680CF5419C6AC5E003F8FD8 /* Resources */ = {
			isa = PBXResourcesBuildPhase;
			buildActionMask = 2147483647;
			files = (
				5680CF6119C6AC5E003F8FD8 /* Main.storyboard in Resources */,
				5680CF6619C6AC5E003F8FD8 /* LaunchScreen.xib in Resources */,
				5680CF6319C6AC5E003F8FD8 /* Images.xcassets in Resources */,
			);
			runOnlyForDeploymentPostprocessing = 0;
		};
		5680CF6919C6AC5E003F8FD8 /* Resources */ = {
			isa = PBXResourcesBuildPhase;
			buildActionMask = 2147483647;
			files = (
			);
			runOnlyForDeploymentPostprocessing = 0;
		};
/* End PBXResourcesBuildPhase section */

/* Begin PBXShellScriptBuildPhase section */
		1E274534A3D44A4BA4C06920 /* Copy Pods Resources */ = {
			isa = PBXShellScriptBuildPhase;
			buildActionMask = 2147483647;
			files = (
			);
			inputPaths = (
			);
			name = "Copy Pods Resources";
			outputPaths = (
			);
			runOnlyForDeploymentPostprocessing = 0;
			shellPath = /bin/sh;
			shellScript = "\"${SRCROOT}/Pods/Pods-resources.sh\"\n";
			showEnvVarsInLog = 0;
		};
		C6D5D28081FC4B74AD04E8E9 /* Check Pods Manifest.lock */ = {
			isa = PBXShellScriptBuildPhase;
			buildActionMask = 2147483647;
			files = (
			);
			inputPaths = (
			);
			name = "Check Pods Manifest.lock";
			outputPaths = (
			);
			runOnlyForDeploymentPostprocessing = 0;
			shellPath = /bin/sh;
			shellScript = "diff \"${PODS_ROOT}/../Podfile.lock\" \"${PODS_ROOT}/Manifest.lock\" > /dev/null\nif [[ $? != 0 ]] ; then\n    cat << EOM\nerror: The sandbox is not in sync with the Podfile.lock. Run 'pod install' or update your CocoaPods installation.\nEOM\n    exit 1\nfi\n";
			showEnvVarsInLog = 0;
		};
/* End PBXShellScriptBuildPhase section */

/* Begin PBXSourcesBuildPhase section */
		5680CF5219C6AC5E003F8FD8 /* Sources */ = {
			isa = PBXSourcesBuildPhase;
			buildActionMask = 2147483647;
			files = (
				56F7388719D50A8A0012E1E0 /* RottenTomatoesClient.swift in Sources */,
				56F7388519D5097F0012E1E0 /* RottenTomatoesMovie.swift in Sources */,
				56F7388319D5096E0012E1E0 /* HTKUtils.swift in Sources */,
				56F7388119D5096E0012E1E0 /* DataStructures.swift in Sources */,
				5680CF5E19C6AC5E003F8FD8 /* MoviesViewController.swift in Sources */,
				5695A69019C8B055009F3E3E /* AppConstants.swift in Sources */,
				56F7388219D5096E0012E1E0 /* HTKNotificationUtils.swift in Sources */,
				5680CF8219C6C527003F8FD8 /* MovieDetailsViewController.swift in Sources */,
				5680CF7E19C6B858003F8FD8 /* ApiKeys.swift in Sources */,
				5680CF5C19C6AC5E003F8FD8 /* AppDelegate.swift in Sources */,
				5680CF7C19C6AFB8003F8FD8 /* MovieTableViewCell.swift in Sources */,
				5695A69419C91FDB009F3E3E /* MoviesTabItemViewController.swift in Sources */,
			);
			runOnlyForDeploymentPostprocessing = 0;
		};
		5680CF6719C6AC5E003F8FD8 /* Sources */ = {
			isa = PBXSourcesBuildPhase;
			buildActionMask = 2147483647;
			files = (
				5680CF7219C6AC5E003F8FD8 /* rottentomatoesTests.swift in Sources */,
			);
			runOnlyForDeploymentPostprocessing = 0;
		};
/* End PBXSourcesBuildPhase section */

/* Begin PBXTargetDependency section */
		5680CF6D19C6AC5E003F8FD8 /* PBXTargetDependency */ = {
			isa = PBXTargetDependency;
			target = 5680CF5519C6AC5E003F8FD8 /* rottentomatoes */;
			targetProxy = 5680CF6C19C6AC5E003F8FD8 /* PBXContainerItemProxy */;
		};
/* End PBXTargetDependency section */

/* Begin PBXVariantGroup section */
		5680CF5F19C6AC5E003F8FD8 /* Main.storyboard */ = {
			isa = PBXVariantGroup;
			children = (
				5680CF6019C6AC5E003F8FD8 /* Base */,
			);
			name = Main.storyboard;
			sourceTree = "<group>";
		};
		5680CF6419C6AC5E003F8FD8 /* LaunchScreen.xib */ = {
			isa = PBXVariantGroup;
			children = (
				5680CF6519C6AC5E003F8FD8 /* Base */,
			);
			name = LaunchScreen.xib;
			sourceTree = "<group>";
		};
/* End PBXVariantGroup section */

/* Begin XCBuildConfiguration section */
		5680CF7319C6AC5E003F8FD8 /* Debug */ = {
			isa = XCBuildConfiguration;
			buildSettings = {
				ALWAYS_SEARCH_USER_PATHS = NO;
				CLANG_CXX_LANGUAGE_STANDARD = "gnu++0x";
				CLANG_CXX_LIBRARY = "libc++";
				CLANG_ENABLE_MODULES = YES;
				CLANG_ENABLE_OBJC_ARC = YES;
				CLANG_WARN_BOOL_CONVERSION = YES;
				CLANG_WARN_CONSTANT_CONVERSION = YES;
				CLANG_WARN_DIRECT_OBJC_ISA_USAGE = YES_ERROR;
				CLANG_WARN_EMPTY_BODY = YES;
				CLANG_WARN_ENUM_CONVERSION = YES;
				CLANG_WARN_INT_CONVERSION = YES;
				CLANG_WARN_OBJC_ROOT_CLASS = YES_ERROR;
				CLANG_WARN_UNREACHABLE_CODE = YES;
				CLANG_WARN__DUPLICATE_METHOD_MATCH = YES;
				"CODE_SIGN_IDENTITY[sdk=iphoneos*]" = "iPhone Developer";
				COPY_PHASE_STRIP = NO;
				ENABLE_STRICT_OBJC_MSGSEND = YES;
				GCC_C_LANGUAGE_STANDARD = gnu99;
				GCC_DYNAMIC_NO_PIC = NO;
				GCC_OPTIMIZATION_LEVEL = 0;
				GCC_PREPROCESSOR_DEFINITIONS = (
					"DEBUG=1",
					"$(inherited)",
				);
				GCC_SYMBOLS_PRIVATE_EXTERN = NO;
				GCC_WARN_64_TO_32_BIT_CONVERSION = YES;
				GCC_WARN_ABOUT_RETURN_TYPE = YES_ERROR;
				GCC_WARN_UNDECLARED_SELECTOR = YES;
				GCC_WARN_UNINITIALIZED_AUTOS = YES_AGGRESSIVE;
				GCC_WARN_UNUSED_FUNCTION = YES;
				GCC_WARN_UNUSED_VARIABLE = YES;
				IPHONEOS_DEPLOYMENT_TARGET = 8.0;
				MTL_ENABLE_DEBUG_INFO = YES;
				ONLY_ACTIVE_ARCH = YES;
				SDKROOT = iphoneos;
				SWIFT_OPTIMIZATION_LEVEL = "-Onone";
			};
			name = Debug;
		};
		5680CF7419C6AC5E003F8FD8 /* Release */ = {
			isa = XCBuildConfiguration;
			buildSettings = {
				ALWAYS_SEARCH_USER_PATHS = NO;
				CLANG_CXX_LANGUAGE_STANDARD = "gnu++0x";
				CLANG_CXX_LIBRARY = "libc++";
				CLANG_ENABLE_MODULES = YES;
				CLANG_ENABLE_OBJC_ARC = YES;
				CLANG_WARN_BOOL_CONVERSION = YES;
				CLANG_WARN_CONSTANT_CONVERSION = YES;
				CLANG_WARN_DIRECT_OBJC_ISA_USAGE = YES_ERROR;
				CLANG_WARN_EMPTY_BODY = YES;
				CLANG_WARN_ENUM_CONVERSION = YES;
				CLANG_WARN_INT_CONVERSION = YES;
				CLANG_WARN_OBJC_ROOT_CLASS = YES_ERROR;
				CLANG_WARN_UNREACHABLE_CODE = YES;
				CLANG_WARN__DUPLICATE_METHOD_MATCH = YES;
				"CODE_SIGN_IDENTITY[sdk=iphoneos*]" = "iPhone Developer";
				COPY_PHASE_STRIP = YES;
				ENABLE_NS_ASSERTIONS = NO;
				ENABLE_STRICT_OBJC_MSGSEND = YES;
				GCC_C_LANGUAGE_STANDARD = gnu99;
				GCC_WARN_64_TO_32_BIT_CONVERSION = YES;
				GCC_WARN_ABOUT_RETURN_TYPE = YES_ERROR;
				GCC_WARN_UNDECLARED_SELECTOR = YES;
				GCC_WARN_UNINITIALIZED_AUTOS = YES_AGGRESSIVE;
				GCC_WARN_UNUSED_FUNCTION = YES;
				GCC_WARN_UNUSED_VARIABLE = YES;
				IPHONEOS_DEPLOYMENT_TARGET = 8.0;
				MTL_ENABLE_DEBUG_INFO = NO;
				SDKROOT = iphoneos;
				VALIDATE_PRODUCT = YES;
			};
			name = Release;
		};
		5680CF7619C6AC5E003F8FD8 /* Debug */ = {
			isa = XCBuildConfiguration;
			baseConfigurationReference = C69800AF83E449578B93D5FF /* Pods.xcconfig */;
			buildSettings = {
				ASSETCATALOG_COMPILER_APPICON_NAME = AppIcon;
				CLANG_ENABLE_MODULES = YES;
				INFOPLIST_FILE = rottentomatoes/Info.plist;
				LD_RUNPATH_SEARCH_PATHS = "$(inherited) @executable_path/Frameworks";
				PRODUCT_NAME = "$(TARGET_NAME)";
				SWIFT_OBJC_BRIDGING_HEADER = "rottentomatoes/rottentomatoes-Bridging-Header.h";
				SWIFT_OPTIMIZATION_LEVEL = "-Onone";
			};
			name = Debug;
		};
		5680CF7719C6AC5E003F8FD8 /* Release */ = {
			isa = XCBuildConfiguration;
			baseConfigurationReference = C69800AF83E449578B93D5FF /* Pods.xcconfig */;
			buildSettings = {
				ASSETCATALOG_COMPILER_APPICON_NAME = AppIcon;
				CLANG_ENABLE_MODULES = YES;
				INFOPLIST_FILE = rottentomatoes/Info.plist;
				LD_RUNPATH_SEARCH_PATHS = "$(inherited) @executable_path/Frameworks";
				PRODUCT_NAME = "$(TARGET_NAME)";
				SWIFT_OBJC_BRIDGING_HEADER = "rottentomatoes/rottentomatoes-Bridging-Header.h";
			};
			name = Release;
		};
		5680CF7919C6AC5E003F8FD8 /* Debug */ = {
			isa = XCBuildConfiguration;
			buildSettings = {
				BUNDLE_LOADER = "$(TEST_HOST)";
				FRAMEWORK_SEARCH_PATHS = (
					"$(SDKROOT)/Developer/Library/Frameworks",
					"$(inherited)",
				);
				GCC_PREPROCESSOR_DEFINITIONS = (
					"DEBUG=1",
					"$(inherited)",
				);
				INFOPLIST_FILE = rottentomatoesTests/Info.plist;
				LD_RUNPATH_SEARCH_PATHS = "$(inherited) @executable_path/Frameworks @loader_path/Frameworks";
				PRODUCT_NAME = "$(TARGET_NAME)";
				TEST_HOST = "$(BUILT_PRODUCTS_DIR)/rottentomatoes.app/rottentomatoes";
			};
			name = Debug;
		};
		5680CF7A19C6AC5E003F8FD8 /* Release */ = {
			isa = XCBuildConfiguration;
			buildSettings = {
				BUNDLE_LOADER = "$(TEST_HOST)";
				FRAMEWORK_SEARCH_PATHS = (
					"$(SDKROOT)/Developer/Library/Frameworks",
					"$(inherited)",
				);
				INFOPLIST_FILE = rottentomatoesTests/Info.plist;
				LD_RUNPATH_SEARCH_PATHS = "$(inherited) @executable_path/Frameworks @loader_path/Frameworks";
				PRODUCT_NAME = "$(TARGET_NAME)";
				TEST_HOST = "$(BUILT_PRODUCTS_DIR)/rottentomatoes.app/rottentomatoes";
			};
			name = Release;
		};
/* End XCBuildConfiguration section */

/* Begin XCConfigurationList section */
		5680CF5119C6AC5E003F8FD8 /* Build configuration list for PBXProject "rottentomatoes" */ = {
			isa = XCConfigurationList;
			buildConfigurations = (
				5680CF7319C6AC5E003F8FD8 /* Debug */,
				5680CF7419C6AC5E003F8FD8 /* Release */,
			);
			defaultConfigurationIsVisible = 0;
			defaultConfigurationName = Release;
		};
		5680CF7519C6AC5E003F8FD8 /* Build configuration list for PBXNativeTarget "rottentomatoes" */ = {
			isa = XCConfigurationList;
			buildConfigurations = (
				5680CF7619C6AC5E003F8FD8 /* Debug */,
				5680CF7719C6AC5E003F8FD8 /* Release */,
			);
			defaultConfigurationIsVisible = 0;
			defaultConfigurationName = Release;
		};
		5680CF7819C6AC5E003F8FD8 /* Build configuration list for PBXNativeTarget "rottentomatoesTests" */ = {
			isa = XCConfigurationList;
			buildConfigurations = (
				5680CF7919C6AC5E003F8FD8 /* Debug */,
				5680CF7A19C6AC5E003F8FD8 /* Release */,
			);
			defaultConfigurationIsVisible = 0;
			defaultConfigurationName = Release;
		};
/* End XCConfigurationList section */
	};
	rootObject = 5680CF4E19C6AC5E003F8FD8 /* Project object */;
}
